package com.zenith.setting;

/**
 * Generic base class for all module settings.
 */
public abstract class Setting<T> {
    private final String name;
    protected T value;

    protected Setting(String name, T defaultValue) {
        this.name  = name;
        this.value = defaultValue;
    }

    public String getName()       { return name; }
    public T      getValue()      { return value; }
    public void   setValue(T val) { this.value = val; }
}
